
Microsoft Visual Studio Solution File, Format Version 12.00
# Visual Studio Version 17
VisualStudioVersion = 17.1.32228.430
MinimumVisualStudioVersion = 10.0.40219.1
Project("{FAE04EC0-301F-11D3-BF4B-00C04F79EFBC}") = "BIMIII Final Project", "BIMIII Final Project\BIMIII Final Project.csproj", "{03392085-6E9B-40D7-ACC9-8CA89D365E3C}"
EndProject
Global
	GlobalSection(SolutionConfigurationPlatforms) = preSolution
		Debug|Any CPU = Debug|Any CPU
		Release|Any CPU = Release|Any CPU
	EndGlobalSection
	GlobalSection(ProjectConfigurationPlatforms) = postSolution
		{03392085-6E9B-40D7-ACC9-8CA89D365E3C}.Debug|Any CPU.ActiveCfg = Debug|Any CPU
		{03392085-6E9B-40D7-ACC9-8CA89D365E3C}.Debug|Any CPU.Build.0 = Debug|Any CPU
		{03392085-6E9B-40D7-ACC9-8CA89D365E3C}.Release|Any CPU.ActiveCfg = Release|Any CPU
		{03392085-6E9B-40D7-ACC9-8CA89D365E3C}.Release|Any CPU.Build.0 = Release|Any CPU
	EndGlobalSection
	GlobalSection(SolutionProperties) = preSolution
		HideSolutionNode = FALSE
	EndGlobalSection
	GlobalSection(ExtensibilityGlobals) = postSolution
		SolutionGuid = {9BD5ABB1-8902-4845-A464-C330497D27FF}
	EndGlobalSection
EndGlobal
